// !$*UTF8*$!
{
	archiveVersion = 1;
	classes = {
	};
	objectVersion = 48;
	objects = {

/* Begin PBXBuildFile section */
		F901DB8B1F8B19C0002F3F4A /* AppDelegate.m in Sources */ = {isa = PBXBuildFile; fileRef = F901DB8A1F8B19C0002F3F4A /* AppDelegate.m */; };
		F901DB8D1F8B19C0002F3F4A /* Assets.xcassets in Resources */ = {isa = PBXBuildFile; fileRef = F901DB8C1F8B19C0002F3F4A /* Assets.xcassets */; };
		F901DB901F8B19C0002F3F4A /* MainMenu.xib in Resources */ = {isa = PBXBuildFile; fileRef = F901DB8E1F8B19C0002F3F4A /* MainMenu.xib */; };
		F901DB931F8B19C0002F3F4A /* main.m in Sources */ = {isa = PBXBuildFile; fileRef = F901DB921F8B19C0002F3F4A /* main.m */; };
/* End PBXBuildFile section */

/* Begin PBXFileReference section */
		F901DB861F8B19C0002F3F4A /* macdev_ch02_window.app */ = {isa = PBXFileReference; explicitFileType = wrapper.application; includeInIndex = 0; path = macdev_ch02_window.app; sourceTree = BUILT_PRODUCTS_DIR; };
		F901DB891F8B19C0002F3F4A /* AppDelegate.h */ = {isa = PBXFileReference; lastKnownFileType = sourcecode.c.h; path = AppDelegate.h; sourceTree = "<group>"; };
		F901DB8A1F8B19C0002F3F4A /* AppDelegate.m */ = {isa = PBXFileReference; lastKnownFileType = sourcecode.c.objc; path = AppDelegate.m; sourceTree = "<group>"; };
		F901DB8C1F8B19C0002F3F4A /* Assets.xcassets */ = {isa = PBXFileReference; lastKnownFileType = folder.assetcatalog; path = Assets.xcassets; sourceTree = "<group>"; };
		F901DB8F1F8B19C0002F3F4A /* Base */ = {isa = PBXFileReference; lastKnownFileType = file.xib; name = Base; path = Base.lproj/MainMenu.xib; sourceTree = "<group>"; };
		F901DB911F8B19C0002F3F4A /* Info.plist */ = {isa = PBXFileReference; lastKnownFileType = text.plist.xml; path = Info.plist; sourceTree = "<group>"; };
		F901DB921F8B19C0002F3F4A /* main.m */ = {isa = PBXFileReference; lastKnownFileType = sourcecode.c.objc; path = main.m; sourceTree = "<group>"; };
		F901DB941F8B19C0002F3F4A /* macdev_ch02_window.entitlements */ = {isa = PBXFileReference; lastKnownFileType = text.plist.entitlements; path = macdev_ch02_window.entitlements; sourceTree = "<group>"; };
/* End PBXFileReference section */

/* Begin PBXFrameworksBuildPhase section */
		F901DB831F8B19C0002F3F4A /* Frameworks */ = {
			isa = PBXFrameworksBuildPhase;
			buildActionMask = 2147483647;
			files = (
			);
			runOnlyForDeploymentPostprocessing = 0;
		};
/* End PBXFrameworksBuildPhase section */

/* Begin PBXGroup section */
		F901DB7D1F8B19C0002F3F4A = {
			isa = PBXGroup;
			children = (
				F901DB881F8B19C0002F3F4A /* macdev_ch02_window */,
				F901DB871F8B19C0002F3F4A /* Products */,
			);
			sourceTree = "<group>";
		};
		F901DB871F8B19C0002F3F4A /* Products */ = {
			isa = PBXGroup;
			children = (
				F901DB861F8B19C0002F3F4A /* macdev_ch02_window.app */,
			);
			name = Products;
			sourceTree = "<group>";
		};
		F901DB881F8B19C0002F3F4A /* macdev_ch02_window */ = {
			isa = PBXGroup;
			children = (
				F901DB891F8B19C0002F3F4A /* AppDelegate.h */,
				F901DB8A1F8B19C0002F3F4A /* AppDelegate.m */,
				F901DB8C1F8B19C0002F3F4A /* Assets.xcassets */,
				F901DB8E1F8B19C0002F3F4A /* MainMenu.xib */,
				F901DB911F8B19C0002F3F4A /* Info.plist */,
				F901DB921F8B19C0002F3F4A /* main.m */,
				F901DB941F8B19C0002F3F4A /* macdev_ch02_window.entitlements */,
			);
			path = macdev_ch02_window;
			sourceTree = "<group>";
		};
/* End PBXGroup section */

/* Begin PBXNativeTarget section */
		F901DB851F8B19C0002F3F4A /* macdev_ch02_window */ = {
			isa = PBXNativeTarget;
			buildConfigurationList = F901DB971F8B19C0002F3F4A /* Build configuration list for PBXNativeTarget "macdev_ch02_window" */;
			buildPhases = (
				F901DB821F8B19C0002F3F4A /* Sources */,
				F901DB831F8B19C0002F3F4A /* Frameworks */,
				F901DB841F8B19C0002F3F4A /* Resources */,
			);
			buildRules = (
			);
			dependencies = (
			);
			name = macdev_ch02_window;
			productName = macdev_ch02_window;
			productReference = F901DB861F8B19C0002F3F4A /* macdev_ch02_window.app */;
			productType = "com.apple.product-type.application";
		};
/* End PBXNativeTarget section */

/* Begin PBXProject section */
		F901DB7E1F8B19C0002F3F4A /* Project object */ = {
			isa = PBXProject;
			attributes = {
				LastUpgradeCheck = 0900;
				ORGANIZATIONNAME = "Xu Ling";
				TargetAttributes = {
					F901DB851F8B19C0002F3F4A = {
						CreatedOnToolsVersion = 9.0;
						ProvisioningStyle = Automatic;
					};
				};
			};
			buildConfigurationList = F901DB811F8B19C0002F3F4A /* Build configuration list for PBXProject "macdev_ch02_window" */;
			compatibilityVersion = "Xcode 8.0";
			developmentRegion = en;
			hasScannedForEncodings = 0;
			knownRegions = (
				en,
				Base,
			);
			mainGroup = F901DB7D1F8B19C0002F3F4A;
			productRefGroup = F901DB871F8B19C0002F3F4A /* Products */;
			projectDirPath = "";
			projectRoot = "";
			targets = (
				F901DB851F8B19C0002F3F4A /* macdev_ch02_window */,
			);
		};
/* End PBXProject section */

/* Begin PBXResourcesBuildPhase section */
		F901DB841F8B19C0002F3F4A /* Resources */ = {
			isa = PBXResourcesBuildPhase;
			buildActionMask = 2147483647;
			files = (
				F901DB8D1F8B19C0002F3F4A /* Assets.xcassets in Resources */,
				F901DB901F8B19C0002F3F4A /* MainMenu.xib in Resources */,
			);
			runOnlyForDeploymentPostprocessing = 0;
		};
/* End PBXResourcesBuildPhase section */

/* Begin PBXSourcesBuildPhase section */
		F901DB821F8B19C0002F3F4A /* Sources */ = {
			isa = PBXSourcesBuildPhase;
			buildActionMask = 2147483647;
			files = (
				F901DB931F8B19C0002F3F4A /* main.m in Sources */,
				F901DB8B1F8B19C0002F3F4A /* AppDelegate.m in Sources */,
			);
			runOnlyForDeploymentPostprocessing = 0;
		};
/* End PBXSourcesBuildPhase section */

/* Begin PBXVariantGroup section */
		F901DB8E1F8B19C0002F3F4A /* MainMenu.xib */ = {
			isa = PBXVariantGroup;
			children = (
				F901DB8F1F8B19C0002F3F4A /* Base */,
			);
			name = MainMenu.xib;
			sourceTree = "<group>";
		};
/* End PBXVariantGroup section */

/* Begin XCBuildConfiguration section */
		F901DB951F8B19C0002F3F4A /* Debug */ = {
			isa = XCBuildConfiguration;
			buildSettings = {
				ALWAYS_SEARCH_USER_PATHS = NO;
				CLANG_ANALYZER_NONNULL = YES;
				CLANG_ANALYZER_NUMBER_OBJECT_CONVERSION = YES_AGGRESSIVE;
				CLANG_CXX_LANGUAGE_STANDARD = "gnu++14";
				CLANG_CXX_LIBRARY = "libc++";
				CLANG_ENABLE_MODULES = YES;
				CLANG_ENABLE_OBJC_ARC = YES;
				CLANG_WARN_BLOCK_CAPTURE_AUTORELEASING = YES;
				CLANG_WARN_BOOL_CONVERSION = YES;
				CLANG_WARN_COMMA = YES;
				CLANG_WARN_CONSTANT_CONVERSION = YES;
				CLANG_WARN_DIRECT_OBJC_ISA_USAGE = YES_ERROR;
				CLANG_WARN_DOCUMENTATION_COMMENTS = YES;
				CLANG_WARN_EMPTY_BODY = YES;
				CLANG_WARN_ENUM_CONVERSION = YES;
				CLANG_WARN_INFINITE_RECURSION = YES;
				CLANG_WARN_INT_CONVERSION = YES;
				CLANG_WARN_NON_LITERAL_NULL_CONVERSION = YES;
				CLANG_WARN_OBJC_LITERAL_CONVERSION = YES;
				CLANG_WARN_OBJC_ROOT_CLASS = YES_ERROR;
				CLANG_WARN_RANGE_LOOP_ANALYSIS = YES;
				CLANG_WARN_STRICT_PROTOTYPES = YES;
				CLANG_WARN_SUSPICIOUS_MOVE = YES;
				CLANG_WARN_UNGUARDED_AVAILABILITY = YES_AGGRESSIVE;
				CLANG_WARN_UNREACHABLE_CODE = YES;
				CLANG_WARN__DUPLICATE_METHOD_MATCH = YES;
				CODE_SIGN_IDENTITY = "-";
				COPY_PHASE_STRIP = NO;
				DEBUG_INFORMATION_FORMAT = dwarf;
				ENABLE_STRICT_OBJC_MSGSEND = YES;
				ENABLE_TESTABILITY = YES;
				GCC_C_LANGUAGE_STANDARD = gnu11;
				GCC_DYNAMIC_NO_PIC = NO;
				GCC_NO_COMMON_BLOCKS = YES;
				GCC_OPTIMIZATION_LEVEL = 0;
				GCC_PREPROCESSOR_DEFINITIONS = (
					"DEBUG=1",
					"$(inherited)",
				);
				GCC_WARN_64_TO_32_BIT_CONVERSION = YES;
				GCC_WARN_ABOUT_RETURN_TYPE = YES_ERROR;
				GCC_WARN_UNDECLARED_SELECTOR = YES;
				GCC_WARN_UNINITIALIZED_AUTOS = YES_AGGRESSIVE;
				GCC_WARN_UNUSED_FUNCTION = YES;
				GCC_WARN_UNUSED_VARIABLE = YES;
				MACOSX_DEPLOYMENT_TARGET = 10.13;
				MTL_ENABLE_DEBUG_INFO = YES;
				ONLY_ACTIVE_ARCH = YES;
				SDKROOT = macosx;
			};
			name = Debug;
		};
		F901DB961F8B19C0002F3F4A /* Release */ = {
			isa = XCBuildConfiguration;
			buildSettings = {
				ALWAYS_SEARCH_USER_PATHS = NO;
				CLANG_ANALYZER_NONNULL = YES;
				CLANG_ANALYZER_NUMBER_OBJECT_CONVERSION = YES_AGGRESSIVE;
				CLANG_CXX_LANGUAGE_STANDARD = "gnu++14";
				CLANG_CXX_LIBRARY = "libc++";
				CLANG_ENABLE_MODULES = YES;
				CLANG_ENABLE_OBJC_ARC = YES;
				CLANG_WARN_BLOCK_CAPTURE_AUTORELEASING = YES;
				CLANG_WARN_BOOL_CONVERSION = YES;
				CLANG_WARN_COMMA = YES;
				CLANG_WARN_CONSTANT_CONVERSION = YES;
				CLANG_WARN_DIRECT_OBJC_ISA_USAGE = YES_ERROR;
				CLANG_WARN_DOCUMENTATION_COMMENTS = YES;
				CLANG_WARN_EMPTY_BODY = YES;
				CLANG_WARN_ENUM_CONVERSION = YES;
				CLANG_WARN_INFINITE_RECURSION = YES;
				CLANG_WARN_INT_CONVERSION = YES;
				CLANG_WARN_NON_LITERAL_NULL_CONVERSION = YES;
				CLANG_WARN_OBJC_LITERAL_CONVERSION = YES;
				CLANG_WARN_OBJC_ROOT_CLASS = YES_ERROR;
				CLANG_WARN_RANGE_LOOP_ANALYSIS = YES;
				CLANG_WARN_STRICT_PROTOTYPES = YES;
				CLANG_WARN_SUSPICIOUS_MOVE = YES;
				CLANG_WARN_UNGUARDED_AVAILABILITY = YES_AGGRESSIVE;
				CLANG_WARN_UNREACHABLE_CODE = YES;
				CLANG_WARN__DUPLICATE_METHOD_MATCH = YES;
				CODE_SIGN_IDENTITY = "-";
				COPY_PHASE_STRIP = NO;
				DEBUG_INFORMATION_FORMAT = "dwarf-with-dsym";
				ENABLE_NS_ASSERTIONS = NO;
				ENABLE_STRICT_OBJC_MSGSEND = YES;
				GCC_C_LANGUAGE_STANDARD = gnu11;
				GCC_NO_COMMON_BLOCKS = YES;
				GCC_WARN_64_TO_32_BIT_CONVERSION = YES;
				GCC_WARN_ABOUT_RETURN_TYPE = YES_ERROR;
				GCC_WARN_UNDECLARED_SELECTOR = YES;
				GCC_WARN_UNINITIALIZED_AUTOS = YES_AGGRESSIVE;
				GCC_WARN_UNUSED_FUNCTION = YES;
				GCC_WARN_UNUSED_VARIABLE = YES;
				MACOSX_DEPLOYMENT_TARGET = 10.13;
				MTL_ENABLE_DEBUG_INFO = NO;
				SDKROOT = macosx;
			};
			name = Release;
		};
		F901DB981F8B19C0002F3F4A /* Debug */ = {
			isa = XCBuildConfiguration;
			buildSettings = {
				ASSETCATALOG_COMPILER_APPICON_NAME = AppIcon;
				CODE_SIGN_ENTITLEMENTS = macdev_ch02_window/macdev_ch02_window.entitlements;
				CODE_SIGN_STYLE = Automatic;
				COMBINE_HIDPI_IMAGES = YES;
				INFOPLIST_FILE = macdev_ch02_window/Info.plist;
				LD_RUNPATH_SEARCH_PATHS = "$(inherited) @executable_path/../Frameworks";
				PRODUCT_BUNDLE_IDENTIFIER = "Tiger-Cat.macdev-ch02-window";
				PRODUCT_NAME = "$(TARGET_NAME)";
			};
			name = Debug;
		};
		F901DB991F8B19C0002F3F4A /* Release */ = {
			isa = XCBuildConfiguration;
			buildSettings = {
				ASSETCATALOG_COMPILER_APPICON_NAME = AppIcon;
				CODE_SIGN_ENTITLEMENTS = macdev_ch02_window/macdev_ch02_window.entitlements;
				CODE_SIGN_STYLE = Automatic;
				COMBINE_HIDPI_IMAGES = YES;
				INFOPLIST_FILE = macdev_ch02_window/Info.plist;
				LD_RUNPATH_SEARCH_PATHS = "$(inherited) @executable_path/../Frameworks";
				PRODUCT_BUNDLE_IDENTIFIER = "Tiger-Cat.macdev-ch02-window";
				PRODUCT_NAME = "$(TARGET_NAME)";
			};
			name = Release;
		};
/* End XCBuildConfiguration section */

/* Begin XCConfigurationList section */
		F901DB811F8B19C0002F3F4A /* Build configuration list for PBXProject "macdev_ch02_window" */ = {
			isa = XCConfigurationList;
			buildConfigurations = (
				F901DB951F8B19C0002F3F4A /* Debug */,
				F901DB961F8B19C0002F3F4A /* Release */,
			);
			defaultConfigurationIsVisible = 0;
			defaultConfigurationName = Release;
		};
		F901DB971F8B19C0002F3F4A /* Build configuration list for PBXNativeTarget "macdev_ch02_window" */ = {
			isa = XCConfigurationList;
			buildConfigurations = (
				F901DB981F8B19C0002F3F4A /* Debug */,
				F901DB991F8B19C0002F3F4A /* Release */,
			);
			defaultConfigurationIsVisible = 0;
			defaultConfigurationName = Release;
		};
/* End XCConfigurationList section */
	};
	rootObject = F901DB7E1F8B19C0002F3F4A /* Project object */;
}
